
Microsoft Visual Studio Solution File, Format Version 12.00
# Visual Studio 15
Project("{FAE04EC0-301F-11D3-BF4B-00C04F79EFBC}") = "Somuleco-XamarinForms.Android", "Somuleco-XamarinForms.Android\Somuleco-XamarinForms.Android.csproj", "{075D5633-ED84-42A7-85B7-47952658AB92}"
EndProject
Project("{FAE04EC0-301F-11D3-BF4B-00C04F79EFBC}") = "Somuleco-XamarinForms.iOS", "Somuleco-XamarinForms.iOS\Somuleco-XamarinForms.iOS.csproj", "{0778C56C-11D6-4483-9D21-29EB20D77B19}"
EndProject
Project("{FAE04EC0-301F-11D3-BF4B-00C04F79EFBC}") = "Somuleco-XamarinForms.UITests", "Somuleco-XamarinForms.UITests\Somuleco-XamarinForms.UITests.csproj", "{D3349036-F7C2-46EA-8D9E-33D11C285921}"
EndProject
Project("{FAE04EC0-301F-11D3-BF4B-00C04F79EFBC}") = "Somuleco-XamarinForms", "Somuleco-XamarinForms\Somuleco-XamarinForms.csproj", "{8A875B71-0792-465C-905F-F089FCD21E7F}"
EndProject
Project("{2150E333-8FDC-42A3-9474-1A3956D46DE8}") = "Solution Items", "Solution Items", "{ED2A48EA-B9C0-4DB9-8C43-2D5B8A3DBABA}"
EndProject
Global
	GlobalSection(SolutionConfigurationPlatforms) = preSolution
		Debug|Any CPU = Debug|Any CPU
		Release|Any CPU = Release|Any CPU
		Debug|iPhoneSimulator = Debug|iPhoneSimulator
		Release|iPhoneSimulator = Release|iPhoneSimulator
		Debug|iPhone = Debug|iPhone
		Release|iPhone = Release|iPhone
	EndGlobalSection
	GlobalSection(ProjectConfigurationPlatforms) = postSolution
		{075D5633-ED84-42A7-85B7-47952658AB92}.Debug|Any CPU.ActiveCfg = Debug|Any CPU
		{075D5633-ED84-42A7-85B7-47952658AB92}.Debug|Any CPU.Build.0 = Debug|Any CPU
		{075D5633-ED84-42A7-85B7-47952658AB92}.Release|Any CPU.ActiveCfg = Release|Any CPU
		{075D5633-ED84-42A7-85B7-47952658AB92}.Release|Any CPU.Build.0 = Release|Any CPU
		{075D5633-ED84-42A7-85B7-47952658AB92}.Debug|iPhoneSimulator.ActiveCfg = Debug|Any CPU
		{075D5633-ED84-42A7-85B7-47952658AB92}.Debug|iPhoneSimulator.Build.0 = Debug|Any CPU
		{075D5633-ED84-42A7-85B7-47952658AB92}.Release|iPhoneSimulator.ActiveCfg = Release|Any CPU
		{075D5633-ED84-42A7-85B7-47952658AB92}.Release|iPhoneSimulator.Build.0 = Release|Any CPU
		{075D5633-ED84-42A7-85B7-47952658AB92}.Debug|iPhone.ActiveCfg = Debug|Any CPU
		{075D5633-ED84-42A7-85B7-47952658AB92}.Debug|iPhone.Build.0 = Debug|Any CPU
		{075D5633-ED84-42A7-85B7-47952658AB92}.Release|iPhone.ActiveCfg = Release|Any CPU
		{075D5633-ED84-42A7-85B7-47952658AB92}.Release|iPhone.Build.0 = Release|Any CPU
		{0778C56C-11D6-4483-9D21-29EB20D77B19}.Debug|Any CPU.ActiveCfg = Debug|iPhoneSimulator
		{0778C56C-11D6-4483-9D21-29EB20D77B19}.Debug|Any CPU.Build.0 = Debug|iPhoneSimulator
		{0778C56C-11D6-4483-9D21-29EB20D77B19}.Release|Any CPU.ActiveCfg = Release|iPhoneSimulator
		{0778C56C-11D6-4483-9D21-29EB20D77B19}.Release|Any CPU.Build.0 = Release|iPhoneSimulator
		{0778C56C-11D6-4483-9D21-29EB20D77B19}.Debug|iPhoneSimulator.ActiveCfg = Debug|iPhoneSimulator
		{0778C56C-11D6-4483-9D21-29EB20D77B19}.Debug|iPhoneSimulator.Build.0 = Debug|iPhoneSimulator
		{0778C56C-11D6-4483-9D21-29EB20D77B19}.Release|iPhoneSimulator.ActiveCfg = Release|iPhoneSimulator
		{0778C56C-11D6-4483-9D21-29EB20D77B19}.Release|iPhoneSimulator.Build.0 = Release|iPhoneSimulator
		{0778C56C-11D6-4483-9D21-29EB20D77B19}.Debug|iPhone.ActiveCfg = Debug|iPhone
		{0778C56C-11D6-4483-9D21-29EB20D77B19}.Debug|iPhone.Build.0 = Debug|iPhone
		{0778C56C-11D6-4483-9D21-29EB20D77B19}.Release|iPhone.ActiveCfg = Release|iPhone
		{0778C56C-11D6-4483-9D21-29EB20D77B19}.Release|iPhone.Build.0 = Release|iPhone
		{D3349036-F7C2-46EA-8D9E-33D11C285921}.Debug|Any CPU.ActiveCfg = Debug|Any CPU
		{D3349036-F7C2-46EA-8D9E-33D11C285921}.Debug|Any CPU.Build.0 = Debug|Any CPU
		{D3349036-F7C2-46EA-8D9E-33D11C285921}.Release|Any CPU.ActiveCfg = Release|Any CPU
		{D3349036-F7C2-46EA-8D9E-33D11C285921}.Release|Any CPU.Build.0 = Release|Any CPU
		{D3349036-F7C2-46EA-8D9E-33D11C285921}.Debug|iPhoneSimulator.ActiveCfg = Debug|Any CPU
		{D3349036-F7C2-46EA-8D9E-33D11C285921}.Debug|iPhoneSimulator.Build.0 = Debug|Any CPU
		{D3349036-F7C2-46EA-8D9E-33D11C285921}.Release|iPhoneSimulator.ActiveCfg = Release|Any CPU
		{D3349036-F7C2-46EA-8D9E-33D11C285921}.Release|iPhoneSimulator.Build.0 = Release|Any CPU
		{D3349036-F7C2-46EA-8D9E-33D11C285921}.Debug|iPhone.ActiveCfg = Debug|Any CPU
		{D3349036-F7C2-46EA-8D9E-33D11C285921}.Debug|iPhone.Build.0 = Debug|Any CPU
		{D3349036-F7C2-46EA-8D9E-33D11C285921}.Release|iPhone.ActiveCfg = Release|Any CPU
		{D3349036-F7C2-46EA-8D9E-33D11C285921}.Release|iPhone.Build.0 = Release|Any CPU
		{8A875B71-0792-465C-905F-F089FCD21E7F}.Debug|Any CPU.ActiveCfg = Debug|Any CPU
		{8A875B71-0792-465C-905F-F089FCD21E7F}.Debug|Any CPU.Build.0 = Debug|Any CPU
		{8A875B71-0792-465C-905F-F089FCD21E7F}.Release|Any CPU.ActiveCfg = Release|Any CPU
		{8A875B71-0792-465C-905F-F089FCD21E7F}.Release|Any CPU.Build.0 = Release|Any CPU
		{8A875B71-0792-465C-905F-F089FCD21E7F}.Debug|iPhoneSimulator.ActiveCfg = Debug|Any CPU
		{8A875B71-0792-465C-905F-F089FCD21E7F}.Debug|iPhoneSimulator.Build.0 = Debug|Any CPU
		{8A875B71-0792-465C-905F-F089FCD21E7F}.Release|iPhoneSimulator.ActiveCfg = Release|Any CPU
		{8A875B71-0792-465C-905F-F089FCD21E7F}.Release|iPhoneSimulator.Build.0 = Release|Any CPU
		{8A875B71-0792-465C-905F-F089FCD21E7F}.Debug|iPhone.ActiveCfg = Debug|Any CPU
		{8A875B71-0792-465C-905F-F089FCD21E7F}.Debug|iPhone.Build.0 = Debug|Any CPU
		{8A875B71-0792-465C-905F-F089FCD21E7F}.Release|iPhone.ActiveCfg = Release|Any CPU
		{8A875B71-0792-465C-905F-F089FCD21E7F}.Release|iPhone.Build.0 = Release|Any CPU
	EndGlobalSection
EndGlobal
